
Microsoft Visual Studio Solution File, Format Version 11.00
# Visual Studio 2010
Project("{FAE04EC0-301F-11D3-BF4B-00C04F79EFBC}") = "Mercury.Silverlight", "Mercury.Silverlight\Mercury.Silverlight.csproj", "{B8F69639-56F9-4120-B4F0-353BD7BFD01A}"
	ProjectSection(ProjectDependencies) = postProject
		{6C083241-84D1-4C5B-948A-520D7F313F23} = {6C083241-84D1-4C5B-948A-520D7F313F23}
	EndProjectSection
EndProject
Project("{FAE04EC0-301F-11D3-BF4B-00C04F79EFBC}") = "Mercury.Silverlight.Web", "Mercury.Silverlight.Web\Mercury.Silverlight.Web.csproj", "{6C083241-84D1-4C5B-948A-520D7F313F23}"
EndProject
Project("{FAE04EC0-301F-11D3-BF4B-00C04F79EFBC}") = "Mercury.Silverlight.Client", "Mercury.Silverlight.Client\Mercury.Silverlight.Client.csproj", "{7710CD08-A13A-457C-8B2B-F5CB639382E4}"
EndProject
Global
	GlobalSection(TeamFoundationVersionControl) = preSolution
		SccNumberOfProjects = 4
		SccEnterpriseProvider = {4CA58AB2-18FA-4F8D-95D4-32DDF27D184C}
		SccTeamFoundationServer =
		SccLocalPath0 = .
		SccProjectUniqueName1 = Mercury.Silverlight\\Mercury.Silverlight.csproj
		SccProjectName1 = Mercury.Silverlight
		SccLocalPath1 = Mercury.Silverlight
		SccProjectUniqueName2 = Mercury.Silverlight.Web\\Mercury.Silverlight.Web.csproj
		SccProjectName2 = Mercury.Silverlight.Web
		SccLocalPath2 = Mercury.Silverlight.Web
		SccProjectUniqueName3 = Mercury.Silverlight.Client\\Mercury.Silverlight.Client.csproj
		SccProjectName3 = Mercury.Silverlight.Client
		SccLocalPath3 = Mercury.Silverlight.Client
	EndGlobalSection
	GlobalSection(SolutionConfigurationPlatforms) = preSolution
		Debug|Any CPU = Debug|Any CPU
		Release|Any CPU = Release|Any CPU
	EndGlobalSection
	GlobalSection(ProjectConfigurationPlatforms) = postSolution
		{B8F69639-56F9-4120-B4F0-353BD7BFD01A}.Debug|Any CPU.ActiveCfg = Debug|Any CPU
		{B8F69639-56F9-4120-B4F0-353BD7BFD01A}.Debug|Any CPU.Build.0 = Debug|Any CPU
		{B8F69639-56F9-4120-B4F0-353BD7BFD01A}.Release|Any CPU.ActiveCfg = Release|Any CPU
		{B8F69639-56F9-4120-B4F0-353BD7BFD01A}.Release|Any CPU.Build.0 = Release|Any CPU
		{6C083241-84D1-4C5B-948A-520D7F313F23}.Debug|Any CPU.ActiveCfg = Debug|Any CPU
		{6C083241-84D1-4C5B-948A-520D7F313F23}.Debug|Any CPU.Build.0 = Debug|Any CPU
		{6C083241-84D1-4C5B-948A-520D7F313F23}.Release|Any CPU.ActiveCfg = Release|Any CPU
		{6C083241-84D1-4C5B-948A-520D7F313F23}.Release|Any CPU.Build.0 = Release|Any CPU
		{7710CD08-A13A-457C-8B2B-F5CB639382E4}.Debug|Any CPU.ActiveCfg = Debug|Any CPU
		{7710CD08-A13A-457C-8B2B-F5CB639382E4}.Debug|Any CPU.Build.0 = Debug|Any CPU
		{7710CD08-A13A-457C-8B2B-F5CB639382E4}.Release|Any CPU.ActiveCfg = Release|Any CPU
		{7710CD08-A13A-457C-8B2B-F5CB639382E4}.Release|Any CPU.Build.0 = Release|Any CPU
	EndGlobalSection
	GlobalSection(SolutionProperties) = preSolution
		HideSolutionNode = FALSE
	EndGlobalSection
EndGlobal
