
Microsoft Visual Studio Solution File, Format Version 12.00
# Visual Studio 15
VisualStudioVersion = 15.0.26430.12
MinimumVisualStudioVersion = 10.0.40219.1
Project("{FAE04EC0-301F-11D3-BF4B-00C04F79EFBC}") = "Mercury.Server", "Mercury.Server\Mercury.Server.csproj", "{B06C88C5-A685-43DE-B62D-B04D174A230B}"
EndProject
Project("{FAE04EC0-301F-11D3-BF4B-00C04F79EFBC}") = "Mercury.Server.Services", "Mercury.Server.Services\Mercury.Server.Services.csproj", "{638B26B5-1467-457E-9168-B101A9C8A500}"
EndProject
Project("{FAE04EC0-301F-11D3-BF4B-00C04F79EFBC}") = "Mercury.Server.Public", "Mercury.Server.Public\Mercury.Server.Public.csproj", "{13299D49-4667-4FDA-A6CA-BDF7FEA344D7}"
EndProject
Project("{FAE04EC0-301F-11D3-BF4B-00C04F79EFBC}") = "Mercury.Workflows.ActivityLibrary", "Mercury.Workflows.ActivityLibrary\Mercury.Workflows.ActivityLibrary.csproj", "{18B303F8-9AC3-474E-A926-924ADCA5348A}"
EndProject
Project("{FAE04EC0-301F-11D3-BF4B-00C04F79EFBC}") = "Mercury.Server.Engine.Console", "Mercury.Server.Engine.Console\Mercury.Server.Engine.Console.csproj", "{1DEA28C9-B876-4948-B413-19DB72D3D938}"
EndProject
Project("{FAE04EC0-301F-11D3-BF4B-00C04F79EFBC}") = "Mercury.Server.Reporting.SqlServer", "Mercury.Server.Reporting.SqlServer\Mercury.Server.Reporting.SqlServer.csproj", "{2F4818E4-62AA-4E93-97D2-E3FD97248820}"
EndProject
Project("{FAE04EC0-301F-11D3-BF4B-00C04F79EFBC}") = "Mercury.Testing", "Mercury.Testing\Mercury.Testing.csproj", "{2FDC55DA-2724-4F9F-A430-53A363C1F0CC}"
EndProject
Project("{FAE04EC0-301F-11D3-BF4B-00C04F79EFBC}") = "Mercury.Server.Faxing.GfiFaxMaker", "Mercury.Server.Faxing.GfiFaxMaker\Mercury.Server.Faxing.GfiFaxMaker.csproj", "{04DB5345-68A7-4806-BBBF-46E64AF30741}"
EndProject
Project("{FAE04EC0-301F-11D3-BF4B-00C04F79EFBC}") = "Mercury.Workflows.Testing", "Mercury.Workflows.Testing\Mercury.Workflows.Testing.csproj", "{6FDF32E9-95B1-4F39-98FF-765C63E9E48C}"
EndProject
Global
	GlobalSection(SolutionConfigurationPlatforms) = preSolution
		Debug|Any CPU = Debug|Any CPU
		Debug|Mixed Platforms = Debug|Mixed Platforms
		Debug|x64 = Debug|x64
		Debug|x86 = Debug|x86
		Release|Any CPU = Release|Any CPU
		Release|Mixed Platforms = Release|Mixed Platforms
		Release|x64 = Release|x64
		Release|x86 = Release|x86
	EndGlobalSection
	GlobalSection(ProjectConfigurationPlatforms) = postSolution
		{B06C88C5-A685-43DE-B62D-B04D174A230B}.Debug|Any CPU.ActiveCfg = Debug|Any CPU
		{B06C88C5-A685-43DE-B62D-B04D174A230B}.Debug|Any CPU.Build.0 = Debug|Any CPU
		{B06C88C5-A685-43DE-B62D-B04D174A230B}.Debug|Mixed Platforms.ActiveCfg = Debug|Any CPU
		{B06C88C5-A685-43DE-B62D-B04D174A230B}.Debug|Mixed Platforms.Build.0 = Debug|Any CPU
		{B06C88C5-A685-43DE-B62D-B04D174A230B}.Debug|x64.ActiveCfg = Debug|x64
		{B06C88C5-A685-43DE-B62D-B04D174A230B}.Debug|x64.Build.0 = Debug|x64
		{B06C88C5-A685-43DE-B62D-B04D174A230B}.Debug|x86.ActiveCfg = Debug|Any CPU
		{B06C88C5-A685-43DE-B62D-B04D174A230B}.Release|Any CPU.ActiveCfg = Release|Any CPU
		{B06C88C5-A685-43DE-B62D-B04D174A230B}.Release|Any CPU.Build.0 = Release|Any CPU
		{B06C88C5-A685-43DE-B62D-B04D174A230B}.Release|Mixed Platforms.ActiveCfg = Release|Any CPU
		{B06C88C5-A685-43DE-B62D-B04D174A230B}.Release|Mixed Platforms.Build.0 = Release|Any CPU
		{B06C88C5-A685-43DE-B62D-B04D174A230B}.Release|x64.ActiveCfg = Release|x64
		{B06C88C5-A685-43DE-B62D-B04D174A230B}.Release|x64.Build.0 = Release|x64
		{B06C88C5-A685-43DE-B62D-B04D174A230B}.Release|x86.ActiveCfg = Release|Any CPU
		{638B26B5-1467-457E-9168-B101A9C8A500}.Debug|Any CPU.ActiveCfg = Debug|Any CPU
		{638B26B5-1467-457E-9168-B101A9C8A500}.Debug|Any CPU.Build.0 = Debug|Any CPU
		{638B26B5-1467-457E-9168-B101A9C8A500}.Debug|Mixed Platforms.ActiveCfg = Debug|Any CPU
		{638B26B5-1467-457E-9168-B101A9C8A500}.Debug|Mixed Platforms.Build.0 = Debug|Any CPU
		{638B26B5-1467-457E-9168-B101A9C8A500}.Debug|x64.ActiveCfg = Debug|x64
		{638B26B5-1467-457E-9168-B101A9C8A500}.Debug|x64.Build.0 = Debug|x64
		{638B26B5-1467-457E-9168-B101A9C8A500}.Debug|x86.ActiveCfg = Debug|Any CPU
		{638B26B5-1467-457E-9168-B101A9C8A500}.Release|Any CPU.ActiveCfg = Release|Any CPU
		{638B26B5-1467-457E-9168-B101A9C8A500}.Release|Any CPU.Build.0 = Release|Any CPU
		{638B26B5-1467-457E-9168-B101A9C8A500}.Release|Mixed Platforms.ActiveCfg = Release|Any CPU
		{638B26B5-1467-457E-9168-B101A9C8A500}.Release|Mixed Platforms.Build.0 = Release|Any CPU
		{638B26B5-1467-457E-9168-B101A9C8A500}.Release|x64.ActiveCfg = Release|x64
		{638B26B5-1467-457E-9168-B101A9C8A500}.Release|x64.Build.0 = Release|x64
		{638B26B5-1467-457E-9168-B101A9C8A500}.Release|x86.ActiveCfg = Release|Any CPU
		{13299D49-4667-4FDA-A6CA-BDF7FEA344D7}.Debug|Any CPU.ActiveCfg = Debug|Any CPU
		{13299D49-4667-4FDA-A6CA-BDF7FEA344D7}.Debug|Any CPU.Build.0 = Debug|Any CPU
		{13299D49-4667-4FDA-A6CA-BDF7FEA344D7}.Debug|Mixed Platforms.ActiveCfg = Debug|Any CPU
		{13299D49-4667-4FDA-A6CA-BDF7FEA344D7}.Debug|Mixed Platforms.Build.0 = Debug|Any CPU
		{13299D49-4667-4FDA-A6CA-BDF7FEA344D7}.Debug|x64.ActiveCfg = Debug|x64
		{13299D49-4667-4FDA-A6CA-BDF7FEA344D7}.Debug|x64.Build.0 = Debug|x64
		{13299D49-4667-4FDA-A6CA-BDF7FEA344D7}.Debug|x86.ActiveCfg = Debug|Any CPU
		{13299D49-4667-4FDA-A6CA-BDF7FEA344D7}.Release|Any CPU.ActiveCfg = Release|Any CPU
		{13299D49-4667-4FDA-A6CA-BDF7FEA344D7}.Release|Any CPU.Build.0 = Release|Any CPU
		{13299D49-4667-4FDA-A6CA-BDF7FEA344D7}.Release|Mixed Platforms.ActiveCfg = Release|Any CPU
		{13299D49-4667-4FDA-A6CA-BDF7FEA344D7}.Release|Mixed Platforms.Build.0 = Release|Any CPU
		{13299D49-4667-4FDA-A6CA-BDF7FEA344D7}.Release|x64.ActiveCfg = Release|x64
		{13299D49-4667-4FDA-A6CA-BDF7FEA344D7}.Release|x64.Build.0 = Release|x64
		{13299D49-4667-4FDA-A6CA-BDF7FEA344D7}.Release|x86.ActiveCfg = Release|Any CPU
		{18B303F8-9AC3-474E-A926-924ADCA5348A}.Debug|Any CPU.ActiveCfg = Debug|Any CPU
		{18B303F8-9AC3-474E-A926-924ADCA5348A}.Debug|Any CPU.Build.0 = Debug|Any CPU
		{18B303F8-9AC3-474E-A926-924ADCA5348A}.Debug|Mixed Platforms.ActiveCfg = Debug|Any CPU
		{18B303F8-9AC3-474E-A926-924ADCA5348A}.Debug|Mixed Platforms.Build.0 = Debug|Any CPU
		{18B303F8-9AC3-474E-A926-924ADCA5348A}.Debug|x64.ActiveCfg = Debug|x64
		{18B303F8-9AC3-474E-A926-924ADCA5348A}.Debug|x64.Build.0 = Debug|x64
		{18B303F8-9AC3-474E-A926-924ADCA5348A}.Debug|x86.ActiveCfg = Debug|Any CPU
		{18B303F8-9AC3-474E-A926-924ADCA5348A}.Release|Any CPU.ActiveCfg = Release|Any CPU
		{18B303F8-9AC3-474E-A926-924ADCA5348A}.Release|Any CPU.Build.0 = Release|Any CPU
		{18B303F8-9AC3-474E-A926-924ADCA5348A}.Release|Mixed Platforms.ActiveCfg = Release|Any CPU
		{18B303F8-9AC3-474E-A926-924ADCA5348A}.Release|Mixed Platforms.Build.0 = Release|Any CPU
		{18B303F8-9AC3-474E-A926-924ADCA5348A}.Release|x64.ActiveCfg = Release|x64
		{18B303F8-9AC3-474E-A926-924ADCA5348A}.Release|x64.Build.0 = Release|x64
		{18B303F8-9AC3-474E-A926-924ADCA5348A}.Release|x86.ActiveCfg = Release|Any CPU
		{1DEA28C9-B876-4948-B413-19DB72D3D938}.Debug|Any CPU.ActiveCfg = Debug|x86
		{1DEA28C9-B876-4948-B413-19DB72D3D938}.Debug|Any CPU.Build.0 = Debug|x86
		{1DEA28C9-B876-4948-B413-19DB72D3D938}.Debug|Mixed Platforms.ActiveCfg = Debug|x86
		{1DEA28C9-B876-4948-B413-19DB72D3D938}.Debug|Mixed Platforms.Build.0 = Debug|x86
		{1DEA28C9-B876-4948-B413-19DB72D3D938}.Debug|x64.ActiveCfg = Debug|x64
		{1DEA28C9-B876-4948-B413-19DB72D3D938}.Debug|x86.ActiveCfg = Debug|x86
		{1DEA28C9-B876-4948-B413-19DB72D3D938}.Debug|x86.Build.0 = Debug|x86
		{1DEA28C9-B876-4948-B413-19DB72D3D938}.Release|Any CPU.ActiveCfg = Release|x86
		{1DEA28C9-B876-4948-B413-19DB72D3D938}.Release|Any CPU.Build.0 = Release|x86
		{1DEA28C9-B876-4948-B413-19DB72D3D938}.Release|Mixed Platforms.ActiveCfg = Release|x86
		{1DEA28C9-B876-4948-B413-19DB72D3D938}.Release|Mixed Platforms.Build.0 = Release|x86
		{1DEA28C9-B876-4948-B413-19DB72D3D938}.Release|x64.ActiveCfg = Release|x64
		{1DEA28C9-B876-4948-B413-19DB72D3D938}.Release|x86.ActiveCfg = Release|x86
		{1DEA28C9-B876-4948-B413-19DB72D3D938}.Release|x86.Build.0 = Release|x86
		{2F4818E4-62AA-4E93-97D2-E3FD97248820}.Debug|Any CPU.ActiveCfg = Debug|Any CPU
		{2F4818E4-62AA-4E93-97D2-E3FD97248820}.Debug|Any CPU.Build.0 = Debug|Any CPU
		{2F4818E4-62AA-4E93-97D2-E3FD97248820}.Debug|Mixed Platforms.ActiveCfg = Debug|Any CPU
		{2F4818E4-62AA-4E93-97D2-E3FD97248820}.Debug|Mixed Platforms.Build.0 = Debug|Any CPU
		{2F4818E4-62AA-4E93-97D2-E3FD97248820}.Debug|x64.ActiveCfg = Debug|x64
		{2F4818E4-62AA-4E93-97D2-E3FD97248820}.Debug|x64.Build.0 = Debug|x64
		{2F4818E4-62AA-4E93-97D2-E3FD97248820}.Debug|x86.ActiveCfg = Debug|Any CPU
		{2F4818E4-62AA-4E93-97D2-E3FD97248820}.Release|Any CPU.ActiveCfg = Release|Any CPU
		{2F4818E4-62AA-4E93-97D2-E3FD97248820}.Release|Any CPU.Build.0 = Release|Any CPU
		{2F4818E4-62AA-4E93-97D2-E3FD97248820}.Release|Mixed Platforms.ActiveCfg = Release|Any CPU
		{2F4818E4-62AA-4E93-97D2-E3FD97248820}.Release|Mixed Platforms.Build.0 = Release|Any CPU
		{2F4818E4-62AA-4E93-97D2-E3FD97248820}.Release|x64.ActiveCfg = Release|x64
		{2F4818E4-62AA-4E93-97D2-E3FD97248820}.Release|x64.Build.0 = Release|x64
		{2F4818E4-62AA-4E93-97D2-E3FD97248820}.Release|x86.ActiveCfg = Release|Any CPU
		{2FDC55DA-2724-4F9F-A430-53A363C1F0CC}.Debug|Any CPU.ActiveCfg = Debug|x86
		{2FDC55DA-2724-4F9F-A430-53A363C1F0CC}.Debug|Mixed Platforms.ActiveCfg = Debug|x86
		{2FDC55DA-2724-4F9F-A430-53A363C1F0CC}.Debug|Mixed Platforms.Build.0 = Debug|x86
		{2FDC55DA-2724-4F9F-A430-53A363C1F0CC}.Debug|x64.ActiveCfg = Debug|x64
		{2FDC55DA-2724-4F9F-A430-53A363C1F0CC}.Debug|x86.ActiveCfg = Debug|x86
		{2FDC55DA-2724-4F9F-A430-53A363C1F0CC}.Debug|x86.Build.0 = Debug|x86
		{2FDC55DA-2724-4F9F-A430-53A363C1F0CC}.Release|Any CPU.ActiveCfg = Release|x86
		{2FDC55DA-2724-4F9F-A430-53A363C1F0CC}.Release|Mixed Platforms.ActiveCfg = Release|x86
		{2FDC55DA-2724-4F9F-A430-53A363C1F0CC}.Release|Mixed Platforms.Build.0 = Release|x86
		{2FDC55DA-2724-4F9F-A430-53A363C1F0CC}.Release|x64.ActiveCfg = Release|x64
		{2FDC55DA-2724-4F9F-A430-53A363C1F0CC}.Release|x86.ActiveCfg = Release|x86
		{2FDC55DA-2724-4F9F-A430-53A363C1F0CC}.Release|x86.Build.0 = Release|x86
		{04DB5345-68A7-4806-BBBF-46E64AF30741}.Debug|Any CPU.ActiveCfg = Debug|Any CPU
		{04DB5345-68A7-4806-BBBF-46E64AF30741}.Debug|Any CPU.Build.0 = Debug|Any CPU
		{04DB5345-68A7-4806-BBBF-46E64AF30741}.Debug|Mixed Platforms.ActiveCfg = Debug|Any CPU
		{04DB5345-68A7-4806-BBBF-46E64AF30741}.Debug|Mixed Platforms.Build.0 = Debug|Any CPU
		{04DB5345-68A7-4806-BBBF-46E64AF30741}.Debug|x64.ActiveCfg = Debug|x64
		{04DB5345-68A7-4806-BBBF-46E64AF30741}.Debug|x64.Build.0 = Debug|x64
		{04DB5345-68A7-4806-BBBF-46E64AF30741}.Debug|x86.ActiveCfg = Debug|Any CPU
		{04DB5345-68A7-4806-BBBF-46E64AF30741}.Release|Any CPU.ActiveCfg = Release|Any CPU
		{04DB5345-68A7-4806-BBBF-46E64AF30741}.Release|Any CPU.Build.0 = Release|Any CPU
		{04DB5345-68A7-4806-BBBF-46E64AF30741}.Release|Mixed Platforms.ActiveCfg = Release|Any CPU
		{04DB5345-68A7-4806-BBBF-46E64AF30741}.Release|Mixed Platforms.Build.0 = Release|Any CPU
		{04DB5345-68A7-4806-BBBF-46E64AF30741}.Release|x64.ActiveCfg = Release|x64
		{04DB5345-68A7-4806-BBBF-46E64AF30741}.Release|x64.Build.0 = Release|x64
		{04DB5345-68A7-4806-BBBF-46E64AF30741}.Release|x86.ActiveCfg = Release|Any CPU
		{6FDF32E9-95B1-4F39-98FF-765C63E9E48C}.Debug|Any CPU.ActiveCfg = Debug|Any CPU
		{6FDF32E9-95B1-4F39-98FF-765C63E9E48C}.Debug|Any CPU.Build.0 = Debug|Any CPU
		{6FDF32E9-95B1-4F39-98FF-765C63E9E48C}.Debug|Mixed Platforms.ActiveCfg = Debug|Any CPU
		{6FDF32E9-95B1-4F39-98FF-765C63E9E48C}.Debug|Mixed Platforms.Build.0 = Debug|Any CPU
		{6FDF32E9-95B1-4F39-98FF-765C63E9E48C}.Debug|x64.ActiveCfg = Debug|x64
		{6FDF32E9-95B1-4F39-98FF-765C63E9E48C}.Debug|x64.Build.0 = Debug|x64
		{6FDF32E9-95B1-4F39-98FF-765C63E9E48C}.Debug|x86.ActiveCfg = Debug|Any CPU
		{6FDF32E9-95B1-4F39-98FF-765C63E9E48C}.Release|Any CPU.ActiveCfg = Release|Any CPU
		{6FDF32E9-95B1-4F39-98FF-765C63E9E48C}.Release|Any CPU.Build.0 = Release|Any CPU
		{6FDF32E9-95B1-4F39-98FF-765C63E9E48C}.Release|Mixed Platforms.ActiveCfg = Release|Any CPU
		{6FDF32E9-95B1-4F39-98FF-765C63E9E48C}.Release|Mixed Platforms.Build.0 = Release|Any CPU
		{6FDF32E9-95B1-4F39-98FF-765C63E9E48C}.Release|x64.ActiveCfg = Release|x64
		{6FDF32E9-95B1-4F39-98FF-765C63E9E48C}.Release|x64.Build.0 = Release|x64
		{6FDF32E9-95B1-4F39-98FF-765C63E9E48C}.Release|x86.ActiveCfg = Release|Any CPU
	EndGlobalSection
	GlobalSection(SolutionProperties) = preSolution
		HideSolutionNode = FALSE
	EndGlobalSection
	GlobalSection(TeamFoundationVersionControl) = preSolution
		SccNumberOfProjects = 11
		SccEnterpriseProvider = {4CA58AB2-18FA-4F8D-95D4-32DDF27D184C}
		SccTeamFoundationServer = 
		SccLocalPath0 = .
		SccProjectUniqueName1 = Mercury.Server.Public\\Mercury.Server.Public.csproj
		SccProjectName1 = Mercury.Server.Public
		SccLocalPath1 = Mercury.Server.Public
		SccProjectUniqueName2 = Mercury.Server.Services\\Mercury.Server.Services.csproj
		SccProjectName2 = Mercury.Server.Services
		SccLocalPath2 = Mercury.Server.Services
		SccProjectUniqueName3 = Mercury.Server\\Mercury.Server.csproj
		SccProjectName3 = Mercury.Server
		SccLocalPath3 = Mercury.Server
		SccProjectUniqueName4 = Mercury.Workflows.ActivityLibrary\\Mercury.Workflows.ActivityLibrary.csproj
		SccProjectName4 = Mercury.Workflows.ActivityLibrary
		SccLocalPath4 = Mercury.Workflows.ActivityLibrary
		SccProjectUniqueName5 = Mercury.Server.Engine.Console\\Mercury.Server.Engine.Console.csproj
		SccProjectName5 = Mercury.Server.Engine.Console
		SccLocalPath5 = Mercury.Server.Engine.Console
		SccProjectUniqueName6 = Mercury.Server.Setup\\Mercury.Server.Setup.vdproj
		SccProjectName6 = Mercury.Server.Setup
		SccLocalPath6 = Mercury.Server.Setup
		SccProjectUniqueName7 = Mercury.Server.Reporting.SqlServer\\Mercury.Server.Reporting.SqlServer.csproj
		SccProjectName7 = Mercury.Server.Reporting.SqlServer
		SccLocalPath7 = Mercury.Server.Reporting.SqlServer
		SccProjectUniqueName8 = Mercury.Testing\\Mercury.Testing.csproj
		SccProjectName8 = Mercury.Testing
		SccLocalPath8 = Mercury.Testing
		SccProjectUniqueName9 = Mercury.Server.Faxing.GfiFaxMaker\\Mercury.Server.Faxing.GfiFaxMaker.csproj
		SccProjectName9 = Mercury.Server.Faxing.GfiFaxMaker
		SccLocalPath9 = Mercury.Server.Faxing.GfiFaxMaker
		SccProjectUniqueName10 = Mercury.Workflows.Testing\\Mercury.Workflows.Testing.csproj
		SccProjectName10 = Mercury.Workflows.Testing
		SccLocalPath10 = Mercury.Workflows.Testing
	EndGlobalSection
EndGlobal
