
Microsoft Visual Studio Solution File, Format Version 12.00
# Visual Studio 15
VisualStudioVersion = 15.0.26430.12
MinimumVisualStudioVersion = 10.0.40219.1
Project("{FAE04EC0-301F-11D3-BF4B-00C04F79EFBC}") = "Mercury.Client", "Mercury.Client\Mercury.Client.csproj", "{48D47D69-57F7-4E61-A0B6-573C28EE775D}"
EndProject
Project("{FAE04EC0-301F-11D3-BF4B-00C04F79EFBC}") = "Mercury.Web", "Mercury.Web\Mercury.Web.csproj", "{ACE36123-EEF3-4EC1-A164-FF851D32101D}"
EndProject
Global
	GlobalSection(SolutionConfigurationPlatforms) = preSolution
		Debug|Any CPU = Debug|Any CPU
		Release|Any CPU = Release|Any CPU
	EndGlobalSection
	GlobalSection(ProjectConfigurationPlatforms) = postSolution
		{48D47D69-57F7-4E61-A0B6-573C28EE775D}.Debug|Any CPU.ActiveCfg = Debug|Any CPU
		{48D47D69-57F7-4E61-A0B6-573C28EE775D}.Debug|Any CPU.Build.0 = Debug|Any CPU
		{48D47D69-57F7-4E61-A0B6-573C28EE775D}.Release|Any CPU.ActiveCfg = Release|Any CPU
		{48D47D69-57F7-4E61-A0B6-573C28EE775D}.Release|Any CPU.Build.0 = Release|Any CPU
		{ACE36123-EEF3-4EC1-A164-FF851D32101D}.Debug|Any CPU.ActiveCfg = Debug|Any CPU
		{ACE36123-EEF3-4EC1-A164-FF851D32101D}.Debug|Any CPU.Build.0 = Debug|Any CPU
		{ACE36123-EEF3-4EC1-A164-FF851D32101D}.Release|Any CPU.ActiveCfg = Release|Any CPU
		{ACE36123-EEF3-4EC1-A164-FF851D32101D}.Release|Any CPU.Build.0 = Release|Any CPU
	EndGlobalSection
	GlobalSection(SolutionProperties) = preSolution
		HideSolutionNode = FALSE
	EndGlobalSection
	GlobalSection(TeamFoundationVersionControl) = preSolution
		SccNumberOfProjects = 4
		SccEnterpriseProvider = {4CA58AB2-18FA-4F8D-95D4-32DDF27D184C}
		SccTeamFoundationServer = 
		SccLocalPath0 = .
		SccProjectUniqueName1 = Mercury.Client\\Mercury.Client.csproj
		SccProjectName1 = Mercury.Client
		SccLocalPath1 = Mercury.Client
		SccProjectUniqueName2 = Mercury.Web\\Mercury.Web.csproj
		SccProjectName2 = Mercury.Web
		SccLocalPath2 = Mercury.Web
		SccProjectUniqueName3 = Mercury.Clients.Web.Setup\\Mercury.Clients.Web.Setup.vdproj
		SccProjectName3 = Mercury.Clients.Web.Setup
		SccLocalPath3 = Mercury.Clients.Web.Setup
	EndGlobalSection
EndGlobal
